{
    "_meta": {
        "hash": {
            "sha256": "4aba59f8c2f641e01136cf68ef5ffd9fd72d96f2a47c779ab85d8c740dd0b6f6"
        },
        "pipfile-spec": 6,
        "requires": {
            "python_version": "3.12"
        },
        "sources": [
            {
                "name": "pypi",
                "url": "https://pypi.org/simple",
                "verify_ssl": true
            }
        ]
    },
    "default": {
        "django-tastypie": {
            "hashes": [
                "sha256:5769e997d66726babb0cbb7643ff278b994b8ca775c5a4c510dfa0f386567d50"
            ],
            "index": "pypi",
            "version": "==0.14.7"
        },
        "python-dateutil": {
            "hashes": [
                "sha256:37dd54208da7e1cd875388217d5e00ebd4179249f90fb72437e91a35459a0ad3",
                "sha256:a8b2bc7bffae282281c8140a97d3aa9c14da0b136dfe83f850eea9a5f7470427"
            ],
            "markers": "python_version >= '2.7' and python_version not in '3.0, 3.1, 3.2, 3.3'",
            "version": "==2.9.0.post0"
        },
        "python-mimeparse": {
            "hashes": [
                "sha256:574062a06f2e1d416535c8d3b83ccc6ebe95941e74e2c5939fc010a12e37cc09",
                "sha256:5b9a9dcf7aa82465e31bd667f5cb7000604811dce83554f1c8a43693a32cb303"
            ],
            "markers": "python_version >= '3.8'",
            "version": "==2.0.0"
        },
        "six": {
            "hashes": [
                "sha256:1e61c37477a1626458e36f7b1d82aa5c9b094fa4802892072e49de9c60c4c926",
                "sha256:8abb2f1d86890a2dfb989f9a77cfcfd3e47c2a354b01111771326f8aa26e0254"
            ],
            "markers": "python_version >= '2.7' and python_version not in '3.0, 3.1, 3.2, 3.3'",
            "version": "==1.16.0"
        }
    },
    "develop": {}
}
